{
  "lockfile_version": "1",
  "packages": {
    "blueprint-compiler@latest": {
      "last_modified": "2026-05-21T08:15:18Z",
      "resolved": "github:NixOS/nixpkgs/4a29d733e8a7d5b824c3d8c958a946a9867b3eb2#blueprint-compiler",
      "source": "devbox-search",
      "version": "0.20.4",
      "systems": {
        "aarch64-darwin": {
          "outputs": [
            {
              "name": "out",
              "path": "/nix/store/0vlqg37g0vddpzy1bs9v6x0iqysys4f8-blueprint-compiler-0.20.4",
              "default": true
            }
          ],
          "store_path": "/nix/store/0vlqg37g0vddpzy1bs9v6x0iqysys4f8-blueprint-compiler-0.20.4"
        },
        "aarch64-linux": {
          "outputs": [
            {
              "name": "out",
              "path": "/nix/store/wi5q3ddgxnpdhrq2qs7prl08dzmsr6v9-blueprint-compiler-0.20.4",
              "default": true
            }
          ],
          "store_path": "/nix/store/wi5q3ddgxnpdhrq2qs7prl08dzmsr6v9-blueprint-compiler-0.20.4"
        },
        "x86_64-darwin": {
          "outputs": [
            {
              "name": "out",
              "path": "/nix/store/dscn8rzm9ixrlbrlvh1x1allsxmxf30k-blueprint-compiler-0.20.4",
              "default": true
            }
          ],
          "store_path": "/nix/store/dscn8rzm9ixrlbrlvh1x1allsxmxf30k-blueprint-compiler-0.20.4"
        },
        "x86_64-linux": {
          "outputs": [
            {
              "name": "out",
              "path": "/nix/store/pwnjnkd8nal9y6ihbvvs1ljqyy76yxkb-blueprint-compiler-0.20.4",
              "default": true
            }
          ],
          "store_path": "/nix/store/pwnjnkd8nal9y6ihbvvs1ljqyy76yxkb-blueprint-compiler-0.20.4"
        }
      }
    },
    "cairo.dev": {
      "resolved": "github:NixOS/nixpkgs/9f11f828c213641c2369a9f1fa31fe31557e3156#cairo.dev",
      "source": "nixpkg"
    },
    "cargo@latest": {
      "last_modified": "2026-05-21T08:15:18Z",
      "resolved": "github:NixOS/nixpkgs/4a29d733e8a7d5b824c3d8c958a946a9867b3eb2#cargo",
      "source": "devbox-search",
      "version": "1.95.0",
      "systems": {
        "aarch64-darwin": {
          "outputs": [
            {
              "name": "out",
              "path": "/nix/store/2vdxz4xwplgb5rgfhqr0jr85fd7qqgmb-cargo-1.95.0",
              "default": true
            }
          ],
          "store_path": "/nix/store/2vdxz4xwplgb5rgfhqr0jr85fd7qqgmb-cargo-1.95.0"
        },
        "aarch64-linux": {
          "outputs": [
            {
              "name": "out",
              "path": "/nix/store/f8rxcxfwk1qhazprqnfji401x08xp9dr-cargo-1.95.0",
              "default": true
            }
          ],
          "store_path": "/nix/store/f8rxcxfwk1qhazprqnfji401x08xp9dr-cargo-1.95.0"
        },
        "x86_64-darwin": {
          "outputs": [
            {
              "name": "out",
              "path": "/nix/store/5z8rq35zk9jqnnfw4m49fwpgq7phdhai-cargo-1.95.0",
              "default": true
            }
          ],
          "store_path": "/nix/store/5z8rq35zk9jqnnfw4m49fwpgq7phdhai-cargo-1.95.0"
        },
        "x86_64-linux": {
          "outputs": [
            {
              "name": "out",
              "path": "/nix/store/z480b23kymbmrijrl49246mrzyphli15-cargo-1.95.0",
              "default": true
            }
          ],
          "store_path": "/nix/store/z480b23kymbmrijrl49246mrzyphli15-cargo-1.95.0"
        }
      }
    },
    "clippy@latest": {
      "last_modified": "2026-05-21T08:15:18Z",
      "resolved": "github:NixOS/nixpkgs/4a29d733e8a7d5b824c3d8c958a946a9867b3eb2#clippy",
      "source": "devbox-search",
      "version": "1.95.0",
      "systems": {
        "aarch64-darwin": {
          "outputs": [
            {
              "name": "out",
              "path": "/nix/store/zzzj3civ800ml2hv9czssyzsbfxl2ss7-clippy-1.95.0",
              "default": true
            }
          ],
          "store_path": "/nix/store/zzzj3civ800ml2hv9czssyzsbfxl2ss7-clippy-1.95.0"
        },
        "aarch64-linux": {
          "outputs": [
            {
              "name": "out",
              "path": "/nix/store/03g145gvrijz5wryc6538m3ayzgbmlq0-clippy-1.95.0",
              "default": true
            },
            {
              "name": "debug",
              "path": "/nix/store/a9j78978hxxwwbr7nbbmwl110ljsv192-clippy-1.95.0-debug"
            }
          ],
          "store_path": "/nix/store/03g145gvrijz5wryc6538m3ayzgbmlq0-clippy-1.95.0"
        },
        "x86_64-darwin": {
          "outputs": [
            {
              "name": "out",
              "path": "/nix/store/ipr8v8md5glz2c6nd1zi7193s62va753-clippy-1.95.0",
              "default": true
            }
          ],
          "store_path": "/nix/store/ipr8v8md5glz2c6nd1zi7193s62va753-clippy-1.95.0"
        },
        "x86_64-linux": {
          "outputs": [
            {
              "name": "out",
              "path": "/nix/store/42vpa7gg09gs6x9v4y7aizmxwmrc35ac-clippy-1.95.0",
              "default": true
            },
            {
              "name": "debug",
              "path": "/nix/store/clml4f18gybrzp40n0mhq8kv0rw98rmq-clippy-1.95.0-debug"
            }
          ],
          "store_path": "/nix/store/42vpa7gg09gs6x9v4y7aizmxwmrc35ac-clippy-1.95.0"
        }
      }
    },
    "debian-devscripts@latest": {
      "last_modified": "2026-06-02T02:01:59Z",
      "resolved": "github:NixOS/nixpkgs/ffa10e26ae11d676b2db836259889f1f571cb14f#debian-devscripts",
      "source": "devbox-search",
      "version": "2.26.8",
      "systems": {
        "aarch64-linux": {
          "outputs": [
            {
              "name": "out",
              "path": "/nix/store/8wc78arfp0vww32svcjg0g3cmdfbh3hw-debian-devscripts-2.26.8",
              "default": true
            }
          ],
          "store_path": "/nix/store/8wc78arfp0vww32svcjg0g3cmdfbh3hw-debian-devscripts-2.26.8"
        },
        "x86_64-linux": {
          "outputs": [
            {
              "name": "out",
              "path": "/nix/store/pjqdz20g7g3bzqxc1lxqzmnnkaa0py1w-debian-devscripts-2.26.8",
              "default": true
            }
          ],
          "store_path": "/nix/store/pjqdz20g7g3bzqxc1lxqzmnnkaa0py1w-debian-devscripts-2.26.8"
        }
      }
    },
    "dpkg@latest": {
      "last_modified": "2026-05-21T08:15:18Z",
      "resolved": "github:NixOS/nixpkgs/4a29d733e8a7d5b824c3d8c958a946a9867b3eb2#dpkg",
      "source": "devbox-search",
      "version": "1.23.7",
      "systems": {
        "aarch64-darwin": {
          "outputs": [
            {
              "name": "out",
              "path": "/nix/store/6m59m2wwyrq98gaf99m00d6gcmx0fy9h-dpkg-1.23.7",
              "default": true
            }
          ],
          "store_path": "/nix/store/6m59m2wwyrq98gaf99m00d6gcmx0fy9h-dpkg-1.23.7"
        },
        "aarch64-linux": {
          "outputs": [
            {
              "name": "out",
              "path": "/nix/store/z75w0d02910b62vg4xjma061rgjb6q1q-dpkg-1.23.7",
              "default": true
            }
          ],
          "store_path": "/nix/store/z75w0d02910b62vg4xjma061rgjb6q1q-dpkg-1.23.7"
        },
        "x86_64-darwin": {
          "outputs": [
            {
              "name": "out",
              "path": "/nix/store/3i21flbfc6cmppyb6xiq85lh3yvcrp22-dpkg-1.23.7",
              "default": true
            }
          ],
          "store_path": "/nix/store/3i21flbfc6cmppyb6xiq85lh3yvcrp22-dpkg-1.23.7"
        },
        "x86_64-linux": {
          "outputs": [
            {
              "name": "out",
              "path": "/nix/store/7cx011ayswfrxd57d69mdhyzfy6fbd5s-dpkg-1.23.7",
              "default": true
            }
          ],
          "store_path": "/nix/store/7cx011ayswfrxd57d69mdhyzfy6fbd5s-dpkg-1.23.7"
        }
      }
    },
    "gdk-pixbuf.dev": {
      "resolved": "github:NixOS/nixpkgs/9f11f828c213641c2369a9f1fa31fe31557e3156#gdk-pixbuf.dev",
      "source": "nixpkg"
    },
    "github:NixOS/nixpkgs/nixpkgs-unstable": {
      "last_modified": "2026-06-13T14:05:44Z",
      "resolved": "github:NixOS/nixpkgs/9f11f828c213641c2369a9f1fa31fe31557e3156?lastModified=1781359544"
    },
    "glib.dev": {
      "resolved": "github:NixOS/nixpkgs/9f11f828c213641c2369a9f1fa31fe31557e3156#glib.dev",
      "source": "nixpkg"
    },
    "glib@latest": {
      "last_modified": "2026-06-14T16:21:05Z",
      "resolved": "github:NixOS/nixpkgs/9eac87a12312b8f60dd52e1c6e1a265f6fc7f5fc#glib",
      "source": "devbox-search",
      "version": "2.88.1",
      "systems": {
        "aarch64-darwin": {
          "outputs": [
            {
              "name": "bin",
              "path": "/nix/store/bn5al38x9rlkkzk9g3qgcc5bywfdrjvv-glib-2.88.1-bin",
              "default": true
            },
            {
              "name": "devdoc",
              "path": "/nix/store/4xvyxz9jxkys0gqc9mbrbwd6hw9i2cav-glib-2.88.1-devdoc"
            },
            {
              "name": "out",
              "path": "/nix/store/ffz616wjbidqjfx5azbslfapzj8f0hc7-glib-2.88.1"
            },
            {
              "name": "dev",
              "path": "/nix/store/285c41x52g9p1bc6sljq0vhk4hr5ill8-glib-2.88.1-dev"
            }
          ],
          "store_path": "/nix/store/bn5al38x9rlkkzk9g3qgcc5bywfdrjvv-glib-2.88.1-bin"
        },
        "aarch64-linux": {
          "outputs": [
            {
              "name": "bin",
              "path": "/nix/store/c742iib7pm5rwq8ac25pypz2p6lf6fg2-glib-2.88.1-bin",
              "default": true
            },
            {
              "name": "debug",
              "path": "/nix/store/z8yk6pmd36yl64n67yyh4h294jzh3hmb-glib-2.88.1-debug"
            },
            {
              "name": "dev",
              "path": "/nix/store/x4b7xcsrx4v8gmdi5dbppin264pwixrn-glib-2.88.1-dev"
            },
            {
              "name": "devdoc",
              "path": "/nix/store/34s8zlld7jwkc0kif8dlxqbiiz1f2494-glib-2.88.1-devdoc"
            },
            {
              "name": "out",
              "path": "/nix/store/a6khm1sb0g3kwihi274l3f5jpjb0vzg3-glib-2.88.1"
            }
          ],
          "store_path": "/nix/store/c742iib7pm5rwq8ac25pypz2p6lf6fg2-glib-2.88.1-bin"
        },
        "x86_64-darwin": {
          "outputs": [
            {
              "name": "bin",
              "path": "/nix/store/cfnyb4mpcbylcb3idlmy95qgmfswwn59-glib-2.88.1-bin",
              "default": true
            },
            {
              "name": "dev",
              "path": "/nix/store/717m4q5ww8p11pky1ph09adr3jrd9hdn-glib-2.88.1-dev"
            },
            {
              "name": "devdoc",
              "path": "/nix/store/lql97yws417gvx4b9b0gijvayis041b4-glib-2.88.1-devdoc"
            },
            {
              "name": "out",
              "path": "/nix/store/d0j5ni4s3lxy13insl7w36511bxk8xxx-glib-2.88.1"
            }
          ],
          "store_path": "/nix/store/cfnyb4mpcbylcb3idlmy95qgmfswwn59-glib-2.88.1-bin"
        },
        "x86_64-linux": {
          "outputs": [
            {
              "name": "bin",
              "path": "/nix/store/flq8wn4dikbhn2nmqac31zbpv0lkii2w-glib-2.88.1-bin",
              "default": true
            },
            {
              "name": "out",
              "path": "/nix/store/jlyahda14aya375lv7k9fsin2zk90nxz-glib-2.88.1"
            },
            {
              "name": "debug",
              "path": "/nix/store/s8qqr71pd2hqv5j6fkbriw5p384fhcv4-glib-2.88.1-debug"
            },
            {
              "name": "dev",
              "path": "/nix/store/q9ksx8c79jfj1cawwwzmpq3qapvpvab7-glib-2.88.1-dev"
            },
            {
              "name": "devdoc",
              "path": "/nix/store/a007knv7hxkqmhx10rw8n2vc9rxg4qmq-glib-2.88.1-devdoc"
            }
          ],
          "store_path": "/nix/store/flq8wn4dikbhn2nmqac31zbpv0lkii2w-glib-2.88.1-bin"
        }
      }
    },
    "graphene.dev": {
      "resolved": "github:NixOS/nixpkgs/9f11f828c213641c2369a9f1fa31fe31557e3156#graphene.dev",
      "source": "nixpkg"
    },
    "gtk4.dev": {
      "resolved": "github:NixOS/nixpkgs/9f11f828c213641c2369a9f1fa31fe31557e3156#gtk4.dev",
      "source": "nixpkg"
    },
    "harfbuzz.dev": {
      "resolved": "github:NixOS/nixpkgs/9f11f828c213641c2369a9f1fa31fe31557e3156#harfbuzz.dev",
      "source": "nixpkg"
    },
    "jq@latest": {
      "last_modified": "2026-06-12T12:41:42Z",
      "resolved": "github:NixOS/nixpkgs/49a4bd0573c376468dd7996ddb6f9fa31d8c4d97#jq",
      "source": "devbox-search",
      "version": "1.8.1",
      "systems": {
        "aarch64-darwin": {
          "outputs": [
            {
              "name": "bin",
              "path": "/nix/store/d551vj6hjc2bqiyg8dim6lv1v1xw7841-jq-1.8.1-bin",
              "default": true
            },
            {
              "name": "man",
              "path": "/nix/store/cyykpwx7q87ryqyhkz4slm163300rzjh-jq-1.8.1-man",
              "default": true
            },
            {
              "name": "dev",
              "path": "/nix/store/dy2cgp8adlm5gl3hkpykcgccv4dlhawb-jq-1.8.1-dev"
            },
            {
              "name": "doc",
              "path": "/nix/store/afjz34n0jz7a0zjjp6qkvnxqph53ifbw-jq-1.8.1-doc"
            },
            {
              "name": "out",
              "path": "/nix/store/yj3m8xi9h48mz4i7732zcwbqbb8bl402-jq-1.8.1"
            }
          ],
          "store_path": "/nix/store/d551vj6hjc2bqiyg8dim6lv1v1xw7841-jq-1.8.1-bin"
        },
        "aarch64-linux": {
          "outputs": [
            {
              "name": "bin",
              "path": "/nix/store/d6mx57dmjq61j69ap45f6fm3jb0lslyc-jq-1.8.1-bin",
              "default": true
            },
            {
              "name": "man",
              "path": "/nix/store/bnwzc47h7zhc3zwkjmy4br8jd2ki9pyj-jq-1.8.1-man",
              "default": true
            },
            {
              "name": "dev",
              "path": "/nix/store/qv69wdjr2zd2w6yg5n8lxfn6c8mg4bwf-jq-1.8.1-dev"
            },
            {
              "name": "doc",
              "path": "/nix/store/fway55wsvvly58sz7zn7vlq68v0q1ig3-jq-1.8.1-doc"
            },
            {
              "name": "out",
              "path": "/nix/store/6y9n87w9lsk3x0fscm6kfirk3ssc0syr-jq-1.8.1"
            }
          ],
          "store_path": "/nix/store/d6mx57dmjq61j69ap45f6fm3jb0lslyc-jq-1.8.1-bin"
        },
        "x86_64-darwin": {
          "outputs": [
            {
              "name": "bin",
              "path": "/nix/store/pnm2frw3jwfrlycf730z5bfgixiyjal4-jq-1.8.1-bin",
              "default": true
            },
            {
              "name": "man",
              "path": "/nix/store/0yyamki3lhy0rp6vn45mn6cdhqb2c64a-jq-1.8.1-man",
              "default": true
            },
            {
              "name": "out",
              "path": "/nix/store/8c9m07iqwczlfzx1sk0c5g2a9nnzvhc3-jq-1.8.1"
            },
            {
              "name": "dev",
              "path": "/nix/store/hg1vhcfr1lwv39vn84cijdn187jmcfnj-jq-1.8.1-dev"
            },
            {
              "name": "doc",
              "path": "/nix/store/mzarfihn2c84s6qw7zp0rbbj7hb09dv2-jq-1.8.1-doc"
            }
          ],
          "store_path": "/nix/store/pnm2frw3jwfrlycf730z5bfgixiyjal4-jq-1.8.1-bin"
        },
        "x86_64-linux": {
          "outputs": [
            {
              "name": "bin",
              "path": "/nix/store/s04d6wm3kqjdgr7zdhlk214f6a2291ks-jq-1.8.1-bin",
              "default": true
            },
            {
              "name": "man",
              "path": "/nix/store/ncw52xsl5hgplh8csybbp9fli64iw1aq-jq-1.8.1-man",
              "default": true
            },
            {
              "name": "dev",
              "path": "/nix/store/fmsvbcz2s85pmszdvwp4mhlamiv5lnzg-jq-1.8.1-dev"
            },
            {
              "name": "doc",
              "path": "/nix/store/hhh2h4x4rhh6qbqa6620bvhz652cgw4m-jq-1.8.1-doc"
            },
            {
              "name": "out",
              "path": "/nix/store/7a1hndk12kz9wwh9sz8hzkkwgxq6rrnk-jq-1.8.1"
            }
          ],
          "store_path": "/nix/store/s04d6wm3kqjdgr7zdhlk214f6a2291ks-jq-1.8.1-bin"
        }
      }
    },
    "libadwaita.dev": {
      "resolved": "github:NixOS/nixpkgs/9f11f828c213641c2369a9f1fa31fe31557e3156#libadwaita.dev",
      "source": "nixpkg"
    },
    "libxml2@latest": {
      "last_modified": "2026-06-06T02:11:57Z",
      "resolved": "github:NixOS/nixpkgs/f3ce60d5372cbb1490033766bdd4748dc0128e86#libxml2",
      "source": "devbox-search",
      "version": "2.15.2",
      "systems": {
        "aarch64-darwin": {
          "outputs": [
            {
              "name": "bin",
              "path": "/nix/store/v6v41dzykxhzqd25rg1zigrx4jjvcvpv-libxml2-2.15.2-bin",
              "default": true
            },
            {
              "name": "dev",
              "path": "/nix/store/vz3g2lkiyjwpj0xw9sm3qq5lxwqr24xq-libxml2-2.15.2-dev"
            },
            {
              "name": "out",
              "path": "/nix/store/006xa3d3jpk1zfgra659c03ycf2mjgvf-libxml2-2.15.2"
            }
          ],
          "store_path": "/nix/store/v6v41dzykxhzqd25rg1zigrx4jjvcvpv-libxml2-2.15.2-bin"
        },
        "aarch64-linux": {
          "outputs": [
            {
              "name": "bin",
              "path": "/nix/store/lc26nbganhd15l2b9sskswipv3dcmndc-libxml2-2.15.2-bin",
              "default": true
            },
            {
              "name": "dev",
              "path": "/nix/store/nq973fqs0lihbd1sllc1krym1v44wril-libxml2-2.15.2-dev"
            },
            {
              "name": "out",
              "path": "/nix/store/a6j2ndbm3h0izg8fm6xh94xc5pfa6dgg-libxml2-2.15.2"
            }
          ],
          "store_path": "/nix/store/lc26nbganhd15l2b9sskswipv3dcmndc-libxml2-2.15.2-bin"
        },
        "x86_64-darwin": {
          "outputs": [
            {
              "name": "bin",
              "path": "/nix/store/wqqzzc71h38ndjdy0pwfl0phhn7kaakf-libxml2-2.15.2-bin",
              "default": true
            },
            {
              "name": "dev",
              "path": "/nix/store/d8s6fvzy73lr7d8mljivbsanhx7mvzaa-libxml2-2.15.2-dev"
            },
            {
              "name": "out",
              "path": "/nix/store/kgas62y4b2nv1d8jhl8bfinprafr1gba-libxml2-2.15.2"
            }
          ],
          "store_path": "/nix/store/wqqzzc71h38ndjdy0pwfl0phhn7kaakf-libxml2-2.15.2-bin"
        },
        "x86_64-linux": {
          "outputs": [
            {
              "name": "bin",
              "path": "/nix/store/qza20a7npbiw02hx1lxibadnf2827x1n-libxml2-2.15.2-bin",
              "default": true
            },
            {
              "name": "dev",
              "path": "/nix/store/qjw94pfkcr5dbl1gfx28sviq7dd36x9b-libxml2-2.15.2-dev"
            },
            {
              "name": "out",
              "path": "/nix/store/bck1xkk9m0f60352gnjb512ix0n4x9qm-libxml2-2.15.2"
            }
          ],
          "store_path": "/nix/store/qza20a7npbiw02hx1lxibadnf2827x1n-libxml2-2.15.2-bin"
        }
      }
    },
    "pango.dev": {
      "resolved": "github:NixOS/nixpkgs/9f11f828c213641c2369a9f1fa31fe31557e3156#pango.dev",
      "source": "nixpkg"
    },
    "pkg-config@latest": {
      "last_modified": "2025-11-23T21:50:36Z",
      "resolved": "github:NixOS/nixpkgs/ee09932cedcef15aaf476f9343d1dea2cb77e261#pkg-config",
      "source": "devbox-search",
      "version": "0.29.2",
      "systems": {
        "aarch64-darwin": {
          "outputs": [
            {
              "name": "out",
              "path": "/nix/store/hygaaqwk9ylklp0ybwppqhw75nz8ya41-pkg-config-wrapper-0.29.2",
              "default": true
            },
            {
              "name": "man",
              "path": "/nix/store/9px0sji43x3r2w4zxl3j3idwsql7lwxx-pkg-config-wrapper-0.29.2-man",
              "default": true
            },
            {
              "name": "doc",
              "path": "/nix/store/hqk44ra6qxw7iixardl6c3hdgb9kq6ns-pkg-config-wrapper-0.29.2-doc"
            }
          ],
          "store_path": "/nix/store/hygaaqwk9ylklp0ybwppqhw75nz8ya41-pkg-config-wrapper-0.29.2"
        },
        "aarch64-linux": {
          "outputs": [
            {
              "name": "out",
              "path": "/nix/store/lbiigi8qbp7mzf1lpr7p982l1kyf01ql-pkg-config-wrapper-0.29.2",
              "default": true
            },
            {
              "name": "man",
              "path": "/nix/store/10060k24qggqyzlwdsfmni9y32zxcg0j-pkg-config-wrapper-0.29.2-man",
              "default": true
            },
            {
              "name": "doc",
              "path": "/nix/store/0y4v51ndpyvkj09hwlfqkz0c3h17zfmc-pkg-config-wrapper-0.29.2-doc"
            }
          ],
          "store_path": "/nix/store/lbiigi8qbp7mzf1lpr7p982l1kyf01ql-pkg-config-wrapper-0.29.2"
        },
        "x86_64-darwin": {
          "outputs": [
            {
              "name": "out",
              "path": "/nix/store/vknadizq0q5kffvx6y4379p9gdry9zq3-pkg-config-wrapper-0.29.2",
              "default": true
            },
            {
              "name": "man",
              "path": "/nix/store/1nyspra675q22gfhf7hn2nmfpi6rgim5-pkg-config-wrapper-0.29.2-man",
              "default": true
            },
            {
              "name": "doc",
              "path": "/nix/store/7lq1axxwrafwljs06n88bzyz9w523rkc-pkg-config-wrapper-0.29.2-doc"
            }
          ],
          "store_path": "/nix/store/vknadizq0q5kffvx6y4379p9gdry9zq3-pkg-config-wrapper-0.29.2"
        },
        "x86_64-linux": {
          "outputs": [
            {
              "name": "out",
              "path": "/nix/store/8vdiwpbh0g4avsd6x5v4s0di32vcl3dp-pkg-config-wrapper-0.29.2",
              "default": true
            },
            {
              "name": "man",
              "path": "/nix/store/j9xfpnrygg3v37svc5pfin9q5bm49r94-pkg-config-wrapper-0.29.2-man",
              "default": true
            },
            {
              "name": "doc",
              "path": "/nix/store/x3bypxdxaq20kykybhkf21x4jczsiy8y-pkg-config-wrapper-0.29.2-doc"
            }
          ],
          "store_path": "/nix/store/8vdiwpbh0g4avsd6x5v4s0di32vcl3dp-pkg-config-wrapper-0.29.2"
        }
      }
    },
    "rustc@latest": {
      "last_modified": "2026-05-21T08:15:18Z",
      "plugin_version": "0.0.1",
      "resolved": "github:NixOS/nixpkgs/4a29d733e8a7d5b824c3d8c958a946a9867b3eb2#rustc",
      "source": "devbox-search",
      "version": "1.95.0",
      "systems": {
        "aarch64-darwin": {
          "outputs": [
            {
              "name": "out",
              "path": "/nix/store/z8dhxkw9d2bclp4hj4byyxmbihr8w4an-rustc-wrapper-1.95.0",
              "default": true
            },
            {
              "name": "man",
              "path": "/nix/store/zwylsaxwxgmbl38n3n38ym2yp8d4vh3l-rustc-wrapper-1.95.0-man",
              "default": true
            },
            {
              "name": "doc",
              "path": "/nix/store/2wiph2c9mpr0gbgan0ixpnr51pdfhlhj-rustc-wrapper-1.95.0-doc"
            }
          ],
          "store_path": "/nix/store/z8dhxkw9d2bclp4hj4byyxmbihr8w4an-rustc-wrapper-1.95.0"
        },
        "aarch64-linux": {
          "outputs": [
            {
              "name": "out",
              "path": "/nix/store/nh052ln9q9r24p3rb6zxiqqjy4anxa56-rustc-wrapper-1.95.0",
              "default": true
            },
            {
              "name": "man",
              "path": "/nix/store/p3azdhlb0nk5kz1wqc22v7srwsb37m24-rustc-wrapper-1.95.0-man",
              "default": true
            },
            {
              "name": "doc",
              "path": "/nix/store/wqzfi80f80r689n3knjqsn31zqz68z4q-rustc-wrapper-1.95.0-doc"
            }
          ],
          "store_path": "/nix/store/nh052ln9q9r24p3rb6zxiqqjy4anxa56-rustc-wrapper-1.95.0"
        },
        "x86_64-darwin": {
          "outputs": [
            {
              "name": "out",
              "path": "/nix/store/6b0k5kdmlfl91qa8mk3ssfgvskqkvy4r-rustc-wrapper-1.95.0",
              "default": true
            },
            {
              "name": "man",
              "path": "/nix/store/2cvnw62k02n4afiahfrip1ambv8c2489-rustc-wrapper-1.95.0-man",
              "default": true
            },
            {
              "name": "doc",
              "path": "/nix/store/z0jj0z80mr79c8z5mrw8k8rmp9jn43zh-rustc-wrapper-1.95.0-doc"
            }
          ],
          "store_path": "/nix/store/6b0k5kdmlfl91qa8mk3ssfgvskqkvy4r-rustc-wrapper-1.95.0"
        },
        "x86_64-linux": {
          "outputs": [
            {
              "name": "out",
              "path": "/nix/store/wnhmqix7bippbbzasj29qiyb422g9asg-rustc-wrapper-1.95.0",
              "default": true
            },
            {
              "name": "man",
              "path": "/nix/store/ivd567y3li0c80h3z5w77nh8m1ga340h-rustc-wrapper-1.95.0-man",
              "default": true
            },
            {
              "name": "doc",
              "path": "/nix/store/m4rhqgg9qqkjy7zv9jg4z21fm92y82r2-rustc-wrapper-1.95.0-doc"
            }
          ],
          "store_path": "/nix/store/wnhmqix7bippbbzasj29qiyb422g9asg-rustc-wrapper-1.95.0"
        }
      }
    },
    "rustfmt@latest": {
      "last_modified": "2026-05-21T08:15:18Z",
      "resolved": "github:NixOS/nixpkgs/4a29d733e8a7d5b824c3d8c958a946a9867b3eb2#rustfmt",
      "source": "devbox-search",
      "version": "1.95.0",
      "systems": {
        "aarch64-darwin": {
          "outputs": [
            {
              "name": "out",
              "path": "/nix/store/mpb5lx4grh44xg95mim3f2sbarwl13hv-rustfmt-1.95.0",
              "default": true
            }
          ],
          "store_path": "/nix/store/mpb5lx4grh44xg95mim3f2sbarwl13hv-rustfmt-1.95.0"
        },
        "aarch64-linux": {
          "outputs": [
            {
              "name": "out",
              "path": "/nix/store/lyppkpp50famfpbbmmravahq85rjbz48-rustfmt-1.95.0",
              "default": true
            }
          ],
          "store_path": "/nix/store/lyppkpp50famfpbbmmravahq85rjbz48-rustfmt-1.95.0"
        },
        "x86_64-darwin": {
          "outputs": [
            {
              "name": "out",
              "path": "/nix/store/3w8bdmiz9xjr7yyggvpkf60pg8rm8km3-rustfmt-1.95.0",
              "default": true
            }
          ],
          "store_path": "/nix/store/3w8bdmiz9xjr7yyggvpkf60pg8rm8km3-rustfmt-1.95.0"
        },
        "x86_64-linux": {
          "outputs": [
            {
              "name": "out",
              "path": "/nix/store/1x0ba5x31jqzhhk02qz4lxkznmp6q3nl-rustfmt-1.95.0",
              "default": true
            }
          ],
          "store_path": "/nix/store/1x0ba5x31jqzhhk02qz4lxkznmp6q3nl-rustfmt-1.95.0"
        }
      }
    },
    "shellcheck@latest": {
      "last_modified": "2026-05-21T08:15:18Z",
      "resolved": "github:NixOS/nixpkgs/4a29d733e8a7d5b824c3d8c958a946a9867b3eb2#shellcheck",
      "source": "devbox-search",
      "version": "0.11.0",
      "systems": {
        "aarch64-darwin": {
          "outputs": [
            {
              "name": "bin",
              "path": "/nix/store/xpjnkisx2dqf83l5pbwlfzk43hl4inbg-shellcheck-0.11.0-bin",
              "default": true
            },
            {
              "name": "man",
              "path": "/nix/store/s9s65dcmaifyv9vh3k5vf8328sv0mzi3-shellcheck-0.11.0-man",
              "default": true
            },
            {
              "name": "doc",
              "path": "/nix/store/mbxll5l28m6sjjy3wqwwmlirmrbcg2dz-shellcheck-0.11.0-doc",
              "default": true
            },
            {
              "name": "out",
              "path": "/nix/store/in7kbi1l3xggkwlvcqjvlsv8lcvpkx9w-shellcheck-0.11.0"
            }
          ],
          "store_path": "/nix/store/xpjnkisx2dqf83l5pbwlfzk43hl4inbg-shellcheck-0.11.0-bin"
        },
        "aarch64-linux": {
          "outputs": [
            {
              "name": "bin",
              "path": "/nix/store/hqajavk4av9v6l08h1xsfz19rwsir85y-shellcheck-0.11.0-bin",
              "default": true
            },
            {
              "name": "man",
              "path": "/nix/store/jpdzs6ywlqmxbmzim0b8flrwc9ac94vz-shellcheck-0.11.0-man",
              "default": true
            },
            {
              "name": "doc",
              "path": "/nix/store/gdjj2q6jwgjj14c72hwss2zxww5hxvbm-shellcheck-0.11.0-doc",
              "default": true
            },
            {
              "name": "out",
              "path": "/nix/store/bg01hij699rpkg2q0fhghdyma1zf3vmc-shellcheck-0.11.0"
            }
          ],
          "store_path": "/nix/store/hqajavk4av9v6l08h1xsfz19rwsir85y-shellcheck-0.11.0-bin"
        },
        "x86_64-darwin": {
          "outputs": [
            {
              "name": "bin",
              "path": "/nix/store/hn2l442nhcahcb8cvhf9g7nymzczciyi-shellcheck-0.11.0-bin",
              "default": true
            },
            {
              "name": "man",
              "path": "/nix/store/y781lm7p97zggqqw4wyl9r13z5fj7jgx-shellcheck-0.11.0-man",
              "default": true
            },
            {
              "name": "doc",
              "path": "/nix/store/rjfwbcm3kpfvsvskybl64b1qwzlnnw5g-shellcheck-0.11.0-doc",
              "default": true
            },
            {
              "name": "out",
              "path": "/nix/store/wlb6zh8kjhfhaywhksn3mq2gmbarvmns-shellcheck-0.11.0"
            }
          ],
          "store_path": "/nix/store/hn2l442nhcahcb8cvhf9g7nymzczciyi-shellcheck-0.11.0-bin"
        },
        "x86_64-linux": {
          "outputs": [
            {
              "name": "bin",
              "path": "/nix/store/2lfacwyvxpllrq9jpbyz7z4v4lc3wnr9-shellcheck-0.11.0-bin",
              "default": true
            },
            {
              "name": "man",
              "path": "/nix/store/0504zfbbnxm2dgnkj0pal11nv09i1g2p-shellcheck-0.11.0-man",
              "default": true
            },
            {
              "name": "doc",
              "path": "/nix/store/qbmc0kv3ddridry1w7rdc124an8fk895-shellcheck-0.11.0-doc",
              "default": true
            },
            {
              "name": "out",
              "path": "/nix/store/pmk1wsbpsxkaa33mrigc72iln3pvy9r2-shellcheck-0.11.0"
            }
          ],
          "store_path": "/nix/store/2lfacwyvxpllrq9jpbyz7z4v4lc3wnr9-shellcheck-0.11.0-bin"
        }
      }
    },
    "vulkan-loader.dev": {
      "resolved": "github:NixOS/nixpkgs/9f11f828c213641c2369a9f1fa31fe31557e3156#vulkan-loader.dev",
      "source": "nixpkg"
    }
  }
}
